
Microsoft Visual Studio Solution File, Format Version 12.00
# Visual Studio 15
VisualStudioVersion = 15.0.27130.0
MinimumVisualStudioVersion = 10.0.40219.1
Project("{8BC9CEB8-8B4A-11D0-8D11-00A0C91BC942}") = "ANN C++", "ANN C++\ANN C++.vcxproj", "{A450AACF-69E2-45D5-AA4F-6791D956B28B}"
EndProject
Global
	GlobalSection(SolutionConfigurationPlatforms) = preSolution
		Debug|x64 = Debug|x64
		Debug|x86 = Debug|x86
		Release|x64 = Release|x64
		Release|x86 = Release|x86
	EndGlobalSection
	GlobalSection(ProjectConfigurationPlatforms) = postSolution
		{A450AACF-69E2-45D5-AA4F-6791D956B28B}.Debug|x64.ActiveCfg = Debug|x64
		{A450AACF-69E2-45D5-AA4F-6791D956B28B}.Debug|x64.Build.0 = Debug|x64
		{A450AACF-69E2-45D5-AA4F-6791D956B28B}.Debug|x86.ActiveCfg = Debug|Win32
		{A450AACF-69E2-45D5-AA4F-6791D956B28B}.Debug|x86.Build.0 = Debug|Win32
		{A450AACF-69E2-45D5-AA4F-6791D956B28B}.Release|x64.ActiveCfg = Release|x64
		{A450AACF-69E2-45D5-AA4F-6791D956B28B}.Release|x64.Build.0 = Release|x64
		{A450AACF-69E2-45D5-AA4F-6791D956B28B}.Release|x86.ActiveCfg = Release|Win32
		{A450AACF-69E2-45D5-AA4F-6791D956B28B}.Release|x86.Build.0 = Release|Win32
	EndGlobalSection
	GlobalSection(SolutionProperties) = preSolution
		HideSolutionNode = FALSE
	EndGlobalSection
	GlobalSection(ExtensibilityGlobals) = postSolution
		SolutionGuid = {D40E303C-5DBE-4E5E-AAA7-19548E18BA27}
	EndGlobalSection
EndGlobal
